{
  "version": 4,
  "terraform_version": "1.13.2",
  "serial": 2,
  "lineage": "8b4eecdd-6265-b809-70f6-923503195edf",
  "outputs": {
    "kube_admin_config_raw": {
      "value": null,
      "type": "string",
      "sensitive": true
    },
    "kube_config_raw": {
      "value": null,
      "type": "string",
      "sensitive": true
    }
  },
  "resources": [
    {
      "mode": "managed",
      "type": "azurerm_resource_group",
      "name": "aks_rg",
      "provider": "provider[\"registry.terraform.io/hashicorp/azurerm\"]",
      "instances": [
        {
          "schema_version": 0,
          "attributes": {
            "id": "/subscriptions/6410cf32-59bb-46b6-b0d5-f25b6725d9d5/resourceGroups/aks_sergioflorez_resource_group_plataformas",
            "location": "eastus",
            "managed_by": "",
            "name": "aks_sergioflorez_resource_group_plataformas",
            "tags": {},
            "timeouts": null
          },
          "sensitive_attributes": [],
          "identity_schema_version": 0,
          "private": "eyJlMmJmYjczMC1lY2FhLTExZTYtOGY4OC0zNDM2M2JjN2M0YzAiOnsiY3JlYXRlIjo1NDAwMDAwMDAwMDAwLCJkZWxldGUiOjU0MDAwMDAwMDAwMDAsInJlYWQiOjMwMDAwMDAwMDAwMCwidXBkYXRlIjo1NDAwMDAwMDAwMDAwfSwic2NoZW1hX3ZlcnNpb24iOiIwIn0="
        }
      ]
    }
  ],
  "check_results": null
}
